Microsoft Visual Studio Solution File, Format Version 12.00
# Visual Studio Version 17
VisualStudioVersion = 17.5.2.0
MinimumVisualStudioVersion = 10.0.40219.1
Project("{FAE04EC0-301F-11D3-BF4B-00C04F79EFBC}") = "proyecto_liga", "proyecto_liga.csproj", "{926219AD-A972-C3F5-0D76-89C7492D90DC}"
EndProject
Global
	GlobalSection(SolutionConfigurationPlatforms) = preSolution
		Debug|Any CPU = Debug|Any CPU
		Release|Any CPU = Release|Any CPU
	EndGlobalSection
	GlobalSection(ProjectConfigurationPlatforms) = postSolution
		{926219AD-A972-C3F5-0D76-89C7492D90DC}.Debug|Any CPU.ActiveCfg = Debug|Any CPU
		{926219AD-A972-C3F5-0D76-89C7492D90DC}.Debug|Any CPU.Build.0 = Debug|Any CPU
		{926219AD-A972-C3F5-0D76-89C7492D90DC}.Release|Any CPU.ActiveCfg = Release|Any CPU
		{926219AD-A972-C3F5-0D76-89C7492D90DC}.Release|Any CPU.Build.0 = Release|Any CPU
	EndGlobalSection
	GlobalSection(SolutionProperties) = preSolution
		HideSolutionNode = FALSE
	EndGlobalSection
	GlobalSection(ExtensibilityGlobals) = postSolution
		SolutionGuid = {9E513D27-565D-49C7-8352-DED7F7EC363F}
	EndGlobalSection
EndGlobal
